
Microsoft Visual Studio Solution File, Format Version 12.00
# Visual Studio Version 17
VisualStudioVersion = 17.13.35825.156
MinimumVisualStudioVersion = 10.0.40219.1
Project("{FAE04EC0-301F-11D3-BF4B-00C04F79EFBC}") = "RepositoryPatternEF", "EntityFrameworkCore\RepositoryPatternEF.csproj", "{1FFF829F-ADBE-4695-89FF-76D431AD76AC}"
EndProject
Global
	GlobalSection(SolutionConfigurationPlatforms) = preSolution
		Debug|Any CPU = Debug|Any CPU
		Release|Any CPU = Release|Any CPU
	EndGlobalSection
	GlobalSection(ProjectConfigurationPlatforms) = postSolution
		{1FFF829F-ADBE-4695-89FF-76D431AD76AC}.Debug|Any CPU.ActiveCfg = Debug|Any CPU
		{1FFF829F-ADBE-4695-89FF-76D431AD76AC}.Debug|Any CPU.Build.0 = Debug|Any CPU
		{1FFF829F-ADBE-4695-89FF-76D431AD76AC}.Release|Any CPU.ActiveCfg = Release|Any CPU
		{1FFF829F-ADBE-4695-89FF-76D431AD76AC}.Release|Any CPU.Build.0 = Release|Any CPU
	EndGlobalSection
	GlobalSection(SolutionProperties) = preSolution
		HideSolutionNode = FALSE
	EndGlobalSection
	GlobalSection(ExtensibilityGlobals) = postSolution
		SolutionGuid = {EE72BEB8-5A97-4630-9F40-132A32E3BA9E}
	EndGlobalSection
EndGlobal
